PODS:
  - Masonry (1.1.0)
  - MJRefresh (3.5.0)
  - oc2mangoLib (1.0.4):
    - ORPatchFile (= 1.0.4)
  - OCRunner (1.0.13):
    - ORPatchFile (= 1.0.4)
  - ORPatchFile (1.0.4)

DEPENDENCIES:
  - Masonry
  - MJRefresh
  - oc2mangoLib (from `../oc2mango`)
  - OCRunner (from `../`)
  - ORPatchFile (from `../oc2mango`)

SPEC REPOS:
  https://github.com/CocoaPods/Specs.git:
    - Masonry
    - MJRefresh

EXTERNAL SOURCES:
  oc2mangoLib:
    :path: "../oc2mango"
  OCRunner:
    :path: "../"
  ORPatchFile:
    :path: "../oc2mango"

SPEC CHECKSUMS:
  Masonry: 678fab65091a9290e40e2832a55e7ab731aad201
  MJRefresh: 6afc955813966afb08305477dd7a0d9ad5e79a16
  oc2mangoLib: 70a426ca21a051cd5082915fe592ce8962018b87
  OCRunner: bdaf4fc75eb34f32e0531232ccc28354c465991c
  ORPatchFile: 14a8a7ab2536bf2787546146681780bd777313ba

PODFILE CHECKSUM: 58cffd1b02d09de27825b21d4ea9ab5969220902

COCOAPODS: 1.10.1
